// !$*UTF8*$!
{
	archiveVersion = 1;
	classes = {
	};
	objectVersion = 53;
	objects = {

/* Begin PBXBuildFile section */
		3F4625005B26403933A2BE2D /* Pods_DemoSocketIO2.framework in Frameworks */ = {isa = PBXBuildFile; fileRef = CE7A0A496D75C5C11E7FCBC3 /* Pods_DemoSocketIO2.framework */; };
		678E7C0A2935D29300C7D085 /* AppDelegate.swift in Sources */ = {isa = PBXBuildFile; fileRef = 678E7C092935D29300C7D085 /* AppDelegate.swift */; };
		678E7C0C2935D29300C7D085 /* SceneDelegate.swift in Sources */ = {isa = PBXBuildFile; fileRef = 678E7C0B2935D29300C7D085 /* SceneDelegate.swift */; };
		678E7C0E2935D29300C7D085 /* ViewController.swift in Sources */ = {isa = PBXBuildFile; fileRef = 678E7C0D2935D29300C7D085 /* ViewController.swift */; };
		678E7C112935D29300C7D085 /* Main.storyboard in Resources */ = {isa = PBXBuildFile; fileRef = 678E7C0F2935D29300C7D085 /* Main.storyboard */; };
		678E7C132935D29500C7D085 /* Assets.xcassets in Resources */ = {isa = PBXBuildFile; fileRef = 678E7C122935D29500C7D085 /* Assets.xcassets */; };
		678E7C162935D29500C7D085 /* LaunchScreen.storyboard in Resources */ = {isa = PBXBuildFile; fileRef = 678E7C142935D29500C7D085 /* LaunchScreen.storyboard */; };
/* End PBXBuildFile section */

/* Begin PBXFileReference section */
		678E7C062935D29300C7D085 /* DemoSocketIO2.app */ = {isa = PBXFileReference; explicitFileType = wrapper.application; includeInIndex = 0; path = DemoSocketIO2.app; sourceTree = BUILT_PRODUCTS_DIR; };
		678E7C092935D29300C7D085 /* AppDelegate.swift */ = {isa = PBXFileReference; lastKnownFileType = sourcecode.swift; path = AppDelegate.swift; sourceTree = "<group>"; };
		678E7C0B2935D29300C7D085 /* SceneDelegate.swift */ = {isa = PBXFileReference; lastKnownFileType = sourcecode.swift; path = SceneDelegate.swift; sourceTree = "<group>"; };
		678E7C0D2935D29300C7D085 /* ViewController.swift */ = {isa = PBXFileReference; lastKnownFileType = sourcecode.swift; path = ViewController.swift; sourceTree = "<group>"; };
		678E7C102935D29300C7D085 /* Base */ = {isa = PBXFileReference; lastKnownFileType = file.storyboard; name = Base; path = Base.lproj/Main.storyboard; sourceTree = "<group>"; };
		678E7C122935D29500C7D085 /* Assets.xcassets */ = {isa = PBXFileReference; lastKnownFileType = folder.assetcatalog; path = Assets.xcassets; sourceTree = "<group>"; };
		678E7C152935D29500C7D085 /* Base */ = {isa = PBXFileReference; lastKnownFileType = file.storyboard; name = Base; path = Base.lproj/LaunchScreen.storyboard; sourceTree = "<group>"; };
		678E7C172935D29500C7D085 /* Info.plist */ = {isa = PBXFileReference; lastKnownFileType = text.plist.xml; path = Info.plist; sourceTree = "<group>"; };
		847E7085CE7F7CAAFF706FCE /* Pods-DemoSocketIO2.release.xcconfig */ = {isa = PBXFileReference; includeInIndex = 1; lastKnownFileType = text.xcconfig; name = "Pods-DemoSocketIO2.release.xcconfig"; path = "Target Support Files/Pods-DemoSocketIO2/Pods-DemoSocketIO2.release.xcconfig"; sourceTree = "<group>"; };
		8BD141B908DE32D686F8BED5 /* Pods-DemoSocketIO2.debug.xcconfig */ = {isa = PBXFileReference; includeInIndex = 1; lastKnownFileType = text.xcconfig; name = "Pods-DemoSocketIO2.debug.xcconfig"; path = "Target Support Files/Pods-DemoSocketIO2/Pods-DemoSocketIO2.debug.xcconfig"; sourceTree = "<group>"; };
		CE7A0A496D75C5C11E7FCBC3 /* Pods_DemoSocketIO2.framework */ = {isa = PBXFileReference; explicitFileType = wrapper.framework; includeInIndex = 0; path = Pods_DemoSocketIO2.framework; sourceTree = BUILT_PRODUCTS_DIR; };
/* End PBXFileReference section */

/* Begin PBXFrameworksBuildPhase section */
		678E7C032935D29300C7D085 /* Frameworks */ = {
			isa = PBXFrameworksBuildPhase;
			buildActionMask = 2147483647;
			files = (
				3F4625005B26403933A2BE2D /* Pods_DemoSocketIO2.framework in Frameworks */,
			);
			runOnlyForDeploymentPostprocessing = 0;
		};
/* End PBXFrameworksBuildPhase section */

/* Begin PBXGroup section */
		678E7BFD2935D29300C7D085 = {
			isa = PBXGroup;
			children = (
				678E7C082935D29300C7D085 /* DemoSocketIO2 */,
				678E7C072935D29300C7D085 /* Products */,
				F276FD93753A3115EA8B5644 /* Pods */,
				BD9C65D8C311773FF28D03BD /* Frameworks */,
			);
			sourceTree = "<group>";
		};
		678E7C072935D29300C7D085 /* Products */ = {
			isa = PBXGroup;
			children = (
				678E7C062935D29300C7D085 /* DemoSocketIO2.app */,
			);
			name = Products;
			sourceTree = "<group>";
		};
		678E7C082935D29300C7D085 /* DemoSocketIO2 */ = {
			isa = PBXGroup;
			children = (
				678E7C092935D29300C7D085 /* AppDelegate.swift */,
				678E7C0B2935D29300C7D085 /* SceneDelegate.swift */,
				678E7C0D2935D29300C7D085 /* ViewController.swift */,
				678E7C0F2935D29300C7D085 /* Main.storyboard */,
				678E7C122935D29500C7D085 /* Assets.xcassets */,
				678E7C142935D29500C7D085 /* LaunchScreen.storyboard */,
				678E7C172935D29500C7D085 /* Info.plist */,
			);
			path = DemoSocketIO2;
			sourceTree = "<group>";
		};
		BD9C65D8C311773FF28D03BD /* Frameworks */ = {
			isa = PBXGroup;
			children = (
				CE7A0A496D75C5C11E7FCBC3 /* Pods_DemoSocketIO2.framework */,
			);
			name = Frameworks;
			sourceTree = "<group>";
		};
		F276FD93753A3115EA8B5644 /* Pods */ = {
			isa = PBXGroup;
			children = (
				8BD141B908DE32D686F8BED5 /* Pods-DemoSocketIO2.debug.xcconfig */,
				847E7085CE7F7CAAFF706FCE /* Pods-DemoSocketIO2.release.xcconfig */,
			);
			name = Pods;
			path = Pods;
			sourceTree = "<group>";
		};
/* End PBXGroup section */

/* Begin PBXNativeTarget section */
		678E7C052935D29300C7D085 /* DemoSocketIO2 */ = {
			isa = PBXNativeTarget;
			buildConfigurationList = 678E7C1A2935D29500C7D085 /* Build configuration list for PBXNativeTarget "DemoSocketIO2" */;
			buildPhases = (
				152079A5E2ADDD5600776F88 /* [CP] Check Pods Manifest.lock */,
				678E7C022935D29300C7D085 /* Sources */,
				678E7C032935D29300C7D085 /* Frameworks */,
				678E7C042935D29300C7D085 /* Resources */,
				648F8457DCB2E9D56E7E03AF /* [CP] Embed Pods Frameworks */,
			);
			buildRules = (
			);
			dependencies = (
			);
			name = DemoSocketIO2;
			productName = DemoSocketIO2;
			productReference = 678E7C062935D29300C7D085 /* DemoSocketIO2.app */;
			productType = "com.apple.product-type.application";
		};
/* End PBXNativeTarget section */

/* Begin PBXProject section */
		678E7BFE2935D29300C7D085 /* Project object */ = {
			isa = PBXProject;
			attributes = {
				BuildIndependentTargetsInParallel = 1;
				LastSwiftUpdateCheck = 1410;
				LastUpgradeCheck = 1410;
				TargetAttributes = {
					678E7C052935D29300C7D085 = {
						CreatedOnToolsVersion = 14.1;
					};
				};
			};
			buildConfigurationList = 678E7C012935D29300C7D085 /* Build configuration list for PBXProject "DemoSocketIO2" */;
			compatibilityVersion = "Xcode 9.3";
			developmentRegion = en;
			hasScannedForEncodings = 0;
			knownRegions = (
				en,
				Base,
			);
			mainGroup = 678E7BFD2935D29300C7D085;
			productRefGroup = 678E7C072935D29300C7D085 /* Products */;
			projectDirPath = "";
			projectRoot = "";
			targets = (
				678E7C052935D29300C7D085 /* DemoSocketIO2 */,
			);
		};
/* End PBXProject section */

/* Begin PBXResourcesBuildPhase section */
		678E7C042935D29300C7D085 /* Resources */ = {
			isa = PBXResourcesBuildPhase;
			buildActionMask = 2147483647;
			files = (
				678E7C162935D29500C7D085 /* LaunchScreen.storyboard in Resources */,
				678E7C132935D29500C7D085 /* Assets.xcassets in Resources */,
				678E7C112935D29300C7D085 /* Main.storyboard in Resources */,
			);
			runOnlyForDeploymentPostprocessing = 0;
		};
/* End PBXResourcesBuildPhase section */

/* Begin PBXShellScriptBuildPhase section */
		152079A5E2ADDD5600776F88 /* [CP] Check Pods Manifest.lock */ = {
			isa = PBXShellScriptBuildPhase;
			buildActionMask = 2147483647;
			files = (
			);
			inputFileListPaths = (
			);
			inputPaths = (
				"${PODS_PODFILE_DIR_PATH}/Podfile.lock",
				"${PODS_ROOT}/Manifest.lock",
			);
			name = "[CP] Check Pods Manifest.lock";
			outputFileListPaths = (
			);
			outputPaths = (
				"$(DERIVED_FILE_DIR)/Pods-DemoSocketIO2-checkManifestLockResult.txt",
			);
			runOnlyForDeploymentPostprocessing = 0;
			shellPath = /bin/sh;
			shellScript = "diff \"${PODS_PODFILE_DIR_PATH}/Podfile.lock\" \"${PODS_ROOT}/Manifest.lock\" > /dev/null\nif [ $? != 0 ] ; then\n    # print error to STDERR\n    echo \"error: The sandbox is not in sync with the Podfile.lock. Run 'pod install' or update your CocoaPods installation.\" >&2\n    exit 1\nfi\n# This output is used by Xcode 'outputs' to avoid re-running this script phase.\necho \"SUCCESS\" > \"${SCRIPT_OUTPUT_FILE_0}\"\n";
			showEnvVarsInLog = 0;
		};
		648F8457DCB2E9D56E7E03AF /* [CP] Embed Pods Frameworks */ = {
			isa = PBXShellScriptBuildPhase;
			buildActionMask = 2147483647;
			files = (
			);
			inputFileListPaths = (
				"${PODS_ROOT}/Target Support Files/Pods-DemoSocketIO2/Pods-DemoSocketIO2-frameworks-${CONFIGURATION}-input-files.xcfilelist",
			);
			name = "[CP] Embed Pods Frameworks";
			outputFileListPaths = (
				"${PODS_ROOT}/Target Support Files/Pods-DemoSocketIO2/Pods-DemoSocketIO2-frameworks-${CONFIGURATION}-output-files.xcfilelist",
			);
			runOnlyForDeploymentPostprocessing = 0;
			shellPath = /bin/sh;
			shellScript = "\"${PODS_ROOT}/Target Support Files/Pods-DemoSocketIO2/Pods-DemoSocketIO2-frameworks.sh\"\n";
			showEnvVarsInLog = 0;
		};
/* End PBXShellScriptBuildPhase section */

/* Begin PBXSourcesBuildPhase section */
		678E7C022935D29300C7D085 /* Sources */ = {
			isa = PBXSourcesBuildPhase;
			buildActionMask = 2147483647;
			files = (
				678E7C0E2935D29300C7D085 /* ViewController.swift in Sources */,
				678E7C0A2935D29300C7D085 /* AppDelegate.swift in Sources */,
				678E7C0C2935D29300C7D085 /* SceneDelegate.swift in Sources */,
			);
			runOnlyForDeploymentPostprocessing = 0;
		};
/* End PBXSourcesBuildPhase section */

/* Begin PBXVariantGroup section */
		678E7C0F2935D29300C7D085 /* Main.storyboard */ = {
			isa = PBXVariantGroup;
			children = (
				678E7C102935D29300C7D085 /* Base */,
			);
			name = Main.storyboard;
			sourceTree = "<group>";
		};
		678E7C142935D29500C7D085 /* LaunchScreen.storyboard */ = {
			isa = PBXVariantGroup;
			children = (
				678E7C152935D29500C7D085 /* Base */,
			);
			name = LaunchScreen.storyboard;
			sourceTree = "<group>";
		};
/* End PBXVariantGroup section */

/* Begin XCBuildConfiguration section */
		678E7C182935D29500C7D085 /* Debug */ = {
			isa = XCBuildConfiguration;
			buildSettings = {
				ALWAYS_SEARCH_USER_PATHS = NO;
				CLANG_ANALYZER_NONNULL = YES;
				CLANG_ANALYZER_NUMBER_OBJECT_CONVERSION = YES_AGGRESSIVE;
				CLANG_CXX_LANGUAGE_STANDARD = "gnu++20";
				CLANG_ENABLE_MODULES = YES;
				CLANG_ENABLE_OBJC_ARC = YES;
				CLANG_ENABLE_OBJC_WEAK = YES;
				CLANG_WARN_BLOCK_CAPTURE_AUTORELEASING = YES;
				CLANG_WARN_BOOL_CONVERSION = YES;
				CLANG_WARN_COMMA = YES;
				CLANG_WARN_CONSTANT_CONVERSION = YES;
				CLANG_WARN_DEPRECATED_OBJC_IMPLEMENTATIONS = YES;
				CLANG_WARN_DIRECT_OBJC_ISA_USAGE = YES_ERROR;
				CLANG_WARN_DOCUMENTATION_COMMENTS = YES;
				CLANG_WARN_EMPTY_BODY = YES;
				CLANG_WARN_ENUM_CONVERSION = YES;
				CLANG_WARN_INFINITE_RECURSION = YES;
				CLANG_WARN_INT_CONVERSION = YES;
				CLANG_WARN_NON_LITERAL_NULL_CONVERSION = YES;
				CLANG_WARN_OBJC_IMPLICIT_RETAIN_SELF = YES;
				CLANG_WARN_OBJC_LITERAL_CONVERSION = YES;
				CLANG_WARN_OBJC_ROOT_CLASS = YES_ERROR;
				CLANG_WARN_QUOTED_INCLUDE_IN_FRAMEWORK_HEADER = YES;
				CLANG_WARN_RANGE_LOOP_ANALYSIS = YES;
				CLANG_WARN_STRICT_PROTOTYPES = YES;
				CLANG_WARN_SUSPICIOUS_MOVE = YES;
				CLANG_WARN_UNGUARDED_AVAILABILITY = YES_AGGRESSIVE;
				CLANG_WARN_UNREACHABLE_CODE = YES;
				CLANG_WARN__DUPLICATE_METHOD_MATCH = YES;
				COPY_PHASE_STRIP = NO;
				DEBUG_INFORMATION_FORMAT = dwarf;
				ENABLE_STRICT_OBJC_MSGSEND = YES;
				ENABLE_TESTABILITY = YES;
				GCC_C_LANGUAGE_STANDARD = gnu11;
				GCC_DYNAMIC_NO_PIC = NO;
				GCC_NO_COMMON_BLOCKS = YES;
				GCC_OPTIMIZATION_LEVEL = 0;
				GCC_PREPROCESSOR_DEFINITIONS = (
					"DEBUG=1",
					"$(inherited)",
				);
				GCC_WARN_64_TO_32_BIT_CONVERSION = YES;
				GCC_WARN_ABOUT_RETURN_TYPE = YES_ERROR;
				GCC_WARN_UNDECLARED_SELECTOR = YES;
				GCC_WARN_UNINITIALIZED_AUTOS = YES_AGGRESSIVE;
				GCC_WARN_UNUSED_FUNCTION = YES;
				GCC_WARN_UNUSED_VARIABLE = YES;
				IPHONEOS_DEPLOYMENT_TARGET = 16.1;
				MTL_ENABLE_DEBUG_INFO = INCLUDE_SOURCE;
				MTL_FAST_MATH = YES;
				ONLY_ACTIVE_ARCH = YES;
				SDKROOT = iphoneos;
				SWIFT_ACTIVE_COMPILATION_CONDITIONS = DEBUG;
				SWIFT_OPTIMIZATION_LEVEL = "-Onone";
			};
			name = Debug;
		};
		678E7C192935D29500C7D085 /* Release */ = {
			isa = XCBuildConfiguration;
			buildSettings = {
				ALWAYS_SEARCH_USER_PATHS = NO;
				CLANG_ANALYZER_NONNULL = YES;
				CLANG_ANALYZER_NUMBER_OBJECT_CONVERSION = YES_AGGRESSIVE;
				CLANG_CXX_LANGUAGE_STANDARD = "gnu++20";
				CLANG_ENABLE_MODULES = YES;
				CLANG_ENABLE_OBJC_ARC = YES;
				CLANG_ENABLE_OBJC_WEAK = YES;
				CLANG_WARN_BLOCK_CAPTURE_AUTORELEASING = YES;
				CLANG_WARN_BOOL_CONVERSION = YES;
				CLANG_WARN_COMMA = YES;
				CLANG_WARN_CONSTANT_CONVERSION = YES;
				CLANG_WARN_DEPRECATED_OBJC_IMPLEMENTATIONS = YES;
				CLANG_WARN_DIRECT_OBJC_ISA_USAGE = YES_ERROR;
				CLANG_WARN_DOCUMENTATION_COMMENTS = YES;
				CLANG_WARN_EMPTY_BODY = YES;
				CLANG_WARN_ENUM_CONVERSION = YES;
				CLANG_WARN_INFINITE_RECURSION = YES;
				CLANG_WARN_INT_CONVERSION = YES;
				CLANG_WARN_NON_LITERAL_NULL_CONVERSION = YES;
				CLANG_WARN_OBJC_IMPLICIT_RETAIN_SELF = YES;
				CLANG_WARN_OBJC_LITERAL_CONVERSION = YES;
				CLANG_WARN_OBJC_ROOT_CLASS = YES_ERROR;
				CLANG_WARN_QUOTED_INCLUDE_IN_FRAMEWORK_HEADER = YES;
				CLANG_WARN_RANGE_LOOP_ANALYSIS = YES;
				CLANG_WARN_STRICT_PROTOTYPES = YES;
				CLANG_WARN_SUSPICIOUS_MOVE = YES;
				CLANG_WARN_UNGUARDED_AVAILABILITY = YES_AGGRESSIVE;
				CLANG_WARN_UNREACHABLE_CODE = YES;
				CLANG_WARN__DUPLICATE_METHOD_MATCH = YES;
				COPY_PHASE_STRIP = NO;
				DEBUG_INFORMATION_FORMAT = "dwarf-with-dsym";
				ENABLE_NS_ASSERTIONS = NO;
				ENABLE_STRICT_OBJC_MSGSEND = YES;
				GCC_C_LANGUAGE_STANDARD = gnu11;
				GCC_NO_COMMON_BLOCKS = YES;
				GCC_WARN_64_TO_32_BIT_CONVERSION = YES;
				GCC_WARN_ABOUT_RETURN_TYPE = YES_ERROR;
				GCC_WARN_UNDECLARED_SELECTOR = YES;
				GCC_WARN_UNINITIALIZED_AUTOS = YES_AGGRESSIVE;
				GCC_WARN_UNUSED_FUNCTION = YES;
				GCC_WARN_UNUSED_VARIABLE = YES;
				IPHONEOS_DEPLOYMENT_TARGET = 16.1;
				MTL_ENABLE_DEBUG_INFO = NO;
				MTL_FAST_MATH = YES;
				SDKROOT = iphoneos;
				SWIFT_COMPILATION_MODE = wholemodule;
				SWIFT_OPTIMIZATION_LEVEL = "-O";
				VALIDATE_PRODUCT = YES;
			};
			name = Release;
		};
		678E7C1B2935D29500C7D085 /* Debug */ = {
			isa = XCBuildConfiguration;
			baseConfigurationReference = 8BD141B908DE32D686F8BED5 /* Pods-DemoSocketIO2.debug.xcconfig */;
			buildSettings = {
				ASSETCATALOG_COMPILER_APPICON_NAME = AppIcon;
				ASSETCATALOG_COMPILER_GLOBAL_ACCENT_COLOR_NAME = AccentColor;
				CODE_SIGN_STYLE = Automatic;
				CURRENT_PROJECT_VERSION = 1;
				GENERATE_INFOPLIST_FILE = YES;
				INFOPLIST_FILE = DemoSocketIO2/Info.plist;
				INFOPLIST_KEY_UIApplicationSupportsIndirectInputEvents = YES;
				INFOPLIST_KEY_UILaunchStoryboardName = LaunchScreen;
				INFOPLIST_KEY_UIMainStoryboardFile = Main;
				INFOPLIST_KEY_UISupportedInterfaceOrientations_iPad = "UIInterfaceOrientationPortrait UIInterfaceOrientationPortraitUpsideDown UIInterfaceOrientationLandscapeLeft UIInterfaceOrientationLandscapeRight";
				INFOPLIST_KEY_UISupportedInterfaceOrientations_iPhone = "UIInterfaceOrientationPortrait UIInterfaceOrientationLandscapeLeft UIInterfaceOrientationLandscapeRight";
				LD_RUNPATH_SEARCH_PATHS = (
					"$(inherited)",
					"@executable_path/Frameworks",
				);
				MARKETING_VERSION = 1.0;
				PRODUCT_BUNDLE_IDENTIFIER = ncpl.DemoSocketIO2;
				PRODUCT_NAME = "$(TARGET_NAME)";
				SWIFT_EMIT_LOC_STRINGS = YES;
				SWIFT_VERSION = 5.0;
				TARGETED_DEVICE_FAMILY = "1,2";
			};
			name = Debug;
		};
		678E7C1C2935D29500C7D085 /* Release */ = {
			isa = XCBuildConfiguration;
			baseConfigurationReference = 847E7085CE7F7CAAFF706FCE /* Pods-DemoSocketIO2.release.xcconfig */;
			buildSettings = {
				ASSETCATALOG_COMPILER_APPICON_NAME = AppIcon;
				ASSETCATALOG_COMPILER_GLOBAL_ACCENT_COLOR_NAME = AccentColor;
				CODE_SIGN_STYLE = Automatic;
				CURRENT_PROJECT_VERSION = 1;
				GENERATE_INFOPLIST_FILE = YES;
				INFOPLIST_FILE = DemoSocketIO2/Info.plist;
				INFOPLIST_KEY_UIApplicationSupportsIndirectInputEvents = YES;
				INFOPLIST_KEY_UILaunchStoryboardName = LaunchScreen;
				INFOPLIST_KEY_UIMainStoryboardFile = Main;
				INFOPLIST_KEY_UISupportedInterfaceOrientations_iPad = "UIInterfaceOrientationPortrait UIInterfaceOrientationPortraitUpsideDown UIInterfaceOrientationLandscapeLeft UIInterfaceOrientationLandscapeRight";
				INFOPLIST_KEY_UISupportedInterfaceOrientations_iPhone = "UIInterfaceOrientationPortrait UIInterfaceOrientationLandscapeLeft UIInterfaceOrientationLandscapeRight";
				LD_RUNPATH_SEARCH_PATHS = (
					"$(inherited)",
					"@executable_path/Frameworks",
				);
				MARKETING_VERSION = 1.0;
				PRODUCT_BUNDLE_IDENTIFIER = ncpl.DemoSocketIO2;
				PRODUCT_NAME = "$(TARGET_NAME)";
				SWIFT_EMIT_LOC_STRINGS = YES;
				SWIFT_VERSION = 5.0;
				TARGETED_DEVICE_FAMILY = "1,2";
			};
			name = Release;
		};
/* End XCBuildConfiguration section */

/* Begin XCConfigurationList section */
		678E7C012935D29300C7D085 /* Build configuration list for PBXProject "DemoSocketIO2" */ = {
			isa = XCConfigurationList;
			buildConfigurations = (
				678E7C182935D29500C7D085 /* Debug */,
				678E7C192935D29500C7D085 /* Release */,
			);
			defaultConfigurationIsVisible = 0;
			defaultConfigurationName = Release;
		};
		678E7C1A2935D29500C7D085 /* Build configuration list for PBXNativeTarget "DemoSocketIO2" */ = {
			isa = XCConfigurationList;
			buildConfigurations = (
				678E7C1B2935D29500C7D085 /* Debug */,
				678E7C1C2935D29500C7D085 /* Release */,
			);
			defaultConfigurationIsVisible = 0;
			defaultConfigurationName = Release;
		};
/* End XCConfigurationList section */
	};
	rootObject = 678E7BFE2935D29300C7D085 /* Project object */;
}
